
Microsoft Visual Studio Solution File, Format Version 12.00
# Visual Studio Version 17
VisualStudioVersion = 17.5.33516.290
MinimumVisualStudioVersion = 10.0.40219.1
Project("{9A19103F-16F7-4668-BE54-9A1E7A4F7556}") = "TnusersMultiTool", "TnusersMultiTool\TnusersMultiTool.csproj", "{3895DE56-6394-4EBC-93E9-CDCE2849807E}"
EndProject
Project("{9A19103F-16F7-4668-BE54-9A1E7A4F7556}") = "ModMenuFix", "SpaceMonke\ModMenuFix.csproj", "{55B04432-8FC0-4F1B-834E-43FFC1298788}"
EndProject
Global
	GlobalSection(SolutionConfigurationPlatforms) = preSolution
		Debug|Any CPU = Debug|Any CPU
		Release|Any CPU = Release|Any CPU
	EndGlobalSection
	GlobalSection(ProjectConfigurationPlatforms) = postSolution
		{3895DE56-6394-4EBC-93E9-CDCE2849807E}.Debug|Any CPU.ActiveCfg = Debug|Any CPU
		{3895DE56-6394-4EBC-93E9-CDCE2849807E}.Debug|Any CPU.Build.0 = Debug|Any CPU
		{3895DE56-6394-4EBC-93E9-CDCE2849807E}.Release|Any CPU.ActiveCfg = Release|Any CPU
		{3895DE56-6394-4EBC-93E9-CDCE2849807E}.Release|Any CPU.Build.0 = Release|Any CPU
		{55B04432-8FC0-4F1B-834E-43FFC1298788}.Debug|Any CPU.ActiveCfg = Debug|Any CPU
		{55B04432-8FC0-4F1B-834E-43FFC1298788}.Debug|Any CPU.Build.0 = Debug|Any CPU
		{55B04432-8FC0-4F1B-834E-43FFC1298788}.Release|Any CPU.ActiveCfg = Release|Any CPU
		{55B04432-8FC0-4F1B-834E-43FFC1298788}.Release|Any CPU.Build.0 = Release|Any CPU
	EndGlobalSection
	GlobalSection(SolutionProperties) = preSolution
		HideSolutionNode = FALSE
	EndGlobalSection
	GlobalSection(ExtensibilityGlobals) = postSolution
		SolutionGuid = {6CB9E4FC-CC14-41D5-BEF8-67920866BD49}
	EndGlobalSection
EndGlobal
